
Microsoft Visual Studio Solution File, Format Version 12.00
# Visual Studio Version 16
VisualStudioVersion = 16.0.30413.136
MinimumVisualStudioVersion = 10.0.40219.1
Project("{F184B08F-C81C-45F6-A57F-5ABD9991F28F}") = "Proyecto1", "Proyecto1.vbproj", "{AC4DDCDD-F7D5-457B-86CA-DD7C9F1955B8}"
EndProject
Global
	GlobalSection(SolutionConfigurationPlatforms) = preSolution
		Debug|Any CPU = Debug|Any CPU
		Release|Any CPU = Release|Any CPU
	EndGlobalSection
	GlobalSection(ProjectConfigurationPlatforms) = postSolution
		{AC4DDCDD-F7D5-457B-86CA-DD7C9F1955B8}.Debug|Any CPU.ActiveCfg = Debug|Any CPU
		{AC4DDCDD-F7D5-457B-86CA-DD7C9F1955B8}.Debug|Any CPU.Build.0 = Debug|Any CPU
		{AC4DDCDD-F7D5-457B-86CA-DD7C9F1955B8}.Release|Any CPU.ActiveCfg = Release|Any CPU
		{AC4DDCDD-F7D5-457B-86CA-DD7C9F1955B8}.Release|Any CPU.Build.0 = Release|Any CPU
	EndGlobalSection
	GlobalSection(SolutionProperties) = preSolution
		HideSolutionNode = FALSE
	EndGlobalSection
	GlobalSection(ExtensibilityGlobals) = postSolution
		SolutionGuid = {1F7CA82B-E121-4F40-A5B8-EDBBA73368D6}
	EndGlobalSection
EndGlobal
